
Microsoft Visual Studio Solution File, Format Version 12.00
# Visual Studio 15
VisualStudioVersion = 15.0.26124.0
MinimumVisualStudioVersion = 15.0.26124.0
Project("{9A19103F-16F7-4668-BE54-9A1E7A4F7556}") = "Yelp.Model.ConsoleApp", "Yelp.Model.ConsoleApp\Yelp.Model.ConsoleApp.csproj", "{5F81F404-173E-4873-ADB0-19D68AD49AA2}"
EndProject
Project("{9A19103F-16F7-4668-BE54-9A1E7A4F7556}") = "Yelp.Model.Model", "Yelp.Model.Model\Yelp.Model.Model.csproj", "{60591F51-96C2-479D-ADA3-7E16DDCFDA43}"
EndProject
Project("{FAE04EC0-301F-11D3-BF4B-00C04F79EFBC}") = "Yelp.Web.API", "Yelp.Web.API\Yelp.Web.API.csproj", "{9DFEB4BA-97B3-4618-8781-EA2799041B54}"
EndProject
Global
	GlobalSection(SolutionConfigurationPlatforms) = preSolution
		Debug|Any CPU = Debug|Any CPU
		Debug|x64 = Debug|x64
		Debug|x86 = Debug|x86
		Release|Any CPU = Release|Any CPU
		Release|x64 = Release|x64
		Release|x86 = Release|x86
	EndGlobalSection
	GlobalSection(ProjectConfigurationPlatforms) = postSolution
		{5F81F404-173E-4873-ADB0-19D68AD49AA2}.Debug|Any CPU.ActiveCfg = Debug|Any CPU
		{5F81F404-173E-4873-ADB0-19D68AD49AA2}.Debug|Any CPU.Build.0 = Debug|Any CPU
		{5F81F404-173E-4873-ADB0-19D68AD49AA2}.Debug|x64.ActiveCfg = Debug|Any CPU
		{5F81F404-173E-4873-ADB0-19D68AD49AA2}.Debug|x64.Build.0 = Debug|Any CPU
		{5F81F404-173E-4873-ADB0-19D68AD49AA2}.Debug|x86.ActiveCfg = Debug|Any CPU
		{5F81F404-173E-4873-ADB0-19D68AD49AA2}.Debug|x86.Build.0 = Debug|Any CPU
		{5F81F404-173E-4873-ADB0-19D68AD49AA2}.Release|Any CPU.ActiveCfg = Release|Any CPU
		{5F81F404-173E-4873-ADB0-19D68AD49AA2}.Release|Any CPU.Build.0 = Release|Any CPU
		{5F81F404-173E-4873-ADB0-19D68AD49AA2}.Release|x64.ActiveCfg = Release|Any CPU
		{5F81F404-173E-4873-ADB0-19D68AD49AA2}.Release|x64.Build.0 = Release|Any CPU
		{5F81F404-173E-4873-ADB0-19D68AD49AA2}.Release|x86.ActiveCfg = Release|Any CPU
		{5F81F404-173E-4873-ADB0-19D68AD49AA2}.Release|x86.Build.0 = Release|Any CPU
		{60591F51-96C2-479D-ADA3-7E16DDCFDA43}.Debug|Any CPU.ActiveCfg = Debug|Any CPU
		{60591F51-96C2-479D-ADA3-7E16DDCFDA43}.Debug|Any CPU.Build.0 = Debug|Any CPU
		{60591F51-96C2-479D-ADA3-7E16DDCFDA43}.Debug|x64.ActiveCfg = Debug|Any CPU
		{60591F51-96C2-479D-ADA3-7E16DDCFDA43}.Debug|x64.Build.0 = Debug|Any CPU
		{60591F51-96C2-479D-ADA3-7E16DDCFDA43}.Debug|x86.ActiveCfg = Debug|Any CPU
		{60591F51-96C2-479D-ADA3-7E16DDCFDA43}.Debug|x86.Build.0 = Debug|Any CPU
		{60591F51-96C2-479D-ADA3-7E16DDCFDA43}.Release|Any CPU.ActiveCfg = Release|Any CPU
		{60591F51-96C2-479D-ADA3-7E16DDCFDA43}.Release|Any CPU.Build.0 = Release|Any CPU
		{60591F51-96C2-479D-ADA3-7E16DDCFDA43}.Release|x64.ActiveCfg = Release|Any CPU
		{60591F51-96C2-479D-ADA3-7E16DDCFDA43}.Release|x64.Build.0 = Release|Any CPU
		{60591F51-96C2-479D-ADA3-7E16DDCFDA43}.Release|x86.ActiveCfg = Release|Any CPU
		{60591F51-96C2-479D-ADA3-7E16DDCFDA43}.Release|x86.Build.0 = Release|Any CPU
		{9DFEB4BA-97B3-4618-8781-EA2799041B54}.Debug|Any CPU.ActiveCfg = Debug|Any CPU
		{9DFEB4BA-97B3-4618-8781-EA2799041B54}.Debug|Any CPU.Build.0 = Debug|Any CPU
		{9DFEB4BA-97B3-4618-8781-EA2799041B54}.Debug|x64.ActiveCfg = Debug|Any CPU
		{9DFEB4BA-97B3-4618-8781-EA2799041B54}.Debug|x64.Build.0 = Debug|Any CPU
		{9DFEB4BA-97B3-4618-8781-EA2799041B54}.Debug|x86.ActiveCfg = Debug|Any CPU
		{9DFEB4BA-97B3-4618-8781-EA2799041B54}.Debug|x86.Build.0 = Debug|Any CPU
		{9DFEB4BA-97B3-4618-8781-EA2799041B54}.Release|Any CPU.ActiveCfg = Release|Any CPU
		{9DFEB4BA-97B3-4618-8781-EA2799041B54}.Release|Any CPU.Build.0 = Release|Any CPU
		{9DFEB4BA-97B3-4618-8781-EA2799041B54}.Release|x64.ActiveCfg = Release|Any CPU
		{9DFEB4BA-97B3-4618-8781-EA2799041B54}.Release|x64.Build.0 = Release|Any CPU
		{9DFEB4BA-97B3-4618-8781-EA2799041B54}.Release|x86.ActiveCfg = Release|Any CPU
		{9DFEB4BA-97B3-4618-8781-EA2799041B54}.Release|x86.Build.0 = Release|Any CPU
	EndGlobalSection
	GlobalSection(SolutionProperties) = preSolution
		HideSolutionNode = FALSE
	EndGlobalSection
	GlobalSection(ExtensibilityGlobals) = postSolution
		SolutionGuid = {FCA12F16-8335-4AD7-94BC-143AC5394CAC}
	EndGlobalSection
EndGlobal
